
Microsoft Visual Studio Solution File, Format Version 12.00
# Visual Studio Version 16
VisualStudioVersion = 16.0.30413.136
MinimumVisualStudioVersion = 10.0.40219.1
Project("{FAE04EC0-301F-11D3-BF4B-00C04F79EFBC}") = "Parcial1.Ruiz.sistema_de_presentismo", "Parcial1.Ruiz.sistema_de_presentismo.csproj", "{56297A2C-48B6-4188-ACBB-C04ED3E258A3}"
EndProject
Project("{FAE04EC0-301F-11D3-BF4B-00C04F79EFBC}") = "lib_Presentismo", "..\lib_Presentismo\lib_Presentismo.csproj", "{017A4647-D290-46AD-83E5-02F5F38B8DE4}"
EndProject
Project("{FAE04EC0-301F-11D3-BF4B-00C04F79EFBC}") = "lib_consoleGetters", "..\ConsoleInputGetters\lib_consoleGetters.csproj", "{7F973955-AE00-4A20-970B-8C3AB2D8488A}"
EndProject
Global
	GlobalSection(SolutionConfigurationPlatforms) = preSolution
		Debug|Any CPU = Debug|Any CPU
		Release|Any CPU = Release|Any CPU
	EndGlobalSection
	GlobalSection(ProjectConfigurationPlatforms) = postSolution
		{56297A2C-48B6-4188-ACBB-C04ED3E258A3}.Debug|Any CPU.ActiveCfg = Debug|Any CPU
		{56297A2C-48B6-4188-ACBB-C04ED3E258A3}.Debug|Any CPU.Build.0 = Debug|Any CPU
		{56297A2C-48B6-4188-ACBB-C04ED3E258A3}.Release|Any CPU.ActiveCfg = Release|Any CPU
		{56297A2C-48B6-4188-ACBB-C04ED3E258A3}.Release|Any CPU.Build.0 = Release|Any CPU
		{017A4647-D290-46AD-83E5-02F5F38B8DE4}.Debug|Any CPU.ActiveCfg = Debug|Any CPU
		{017A4647-D290-46AD-83E5-02F5F38B8DE4}.Debug|Any CPU.Build.0 = Debug|Any CPU
		{017A4647-D290-46AD-83E5-02F5F38B8DE4}.Release|Any CPU.ActiveCfg = Release|Any CPU
		{017A4647-D290-46AD-83E5-02F5F38B8DE4}.Release|Any CPU.Build.0 = Release|Any CPU
		{7F973955-AE00-4A20-970B-8C3AB2D8488A}.Debug|Any CPU.ActiveCfg = Debug|Any CPU
		{7F973955-AE00-4A20-970B-8C3AB2D8488A}.Debug|Any CPU.Build.0 = Debug|Any CPU
		{7F973955-AE00-4A20-970B-8C3AB2D8488A}.Release|Any CPU.ActiveCfg = Release|Any CPU
		{7F973955-AE00-4A20-970B-8C3AB2D8488A}.Release|Any CPU.Build.0 = Release|Any CPU
	EndGlobalSection
	GlobalSection(SolutionProperties) = preSolution
		HideSolutionNode = FALSE
	EndGlobalSection
	GlobalSection(ExtensibilityGlobals) = postSolution
		SolutionGuid = {0E09157D-CC91-4B07-ADC6-1EEE4FF2035F}
	EndGlobalSection
EndGlobal
